
Microsoft Visual Studio Solution File, Format Version 12.00
# Visual Studio Version 16
VisualStudioVersion = 16.0.30907.101
MinimumVisualStudioVersion = 10.0.40219.1
Project("{F184B08F-C81C-45F6-A57F-5ABD9991F28F}") = "MultiPaneSample", "MultiPaneSample\MultiPaneSample.vbproj", "{59F84E57-8926-4FCC-BC1E-1D5599962517}"
EndProject
Global
	GlobalSection(SolutionConfigurationPlatforms) = preSolution
		Debug|Any CPU = Debug|Any CPU
		Release|Any CPU = Release|Any CPU
	EndGlobalSection
	GlobalSection(ProjectConfigurationPlatforms) = postSolution
		{59F84E57-8926-4FCC-BC1E-1D5599962517}.Debug|Any CPU.ActiveCfg = Debug|Any CPU
		{59F84E57-8926-4FCC-BC1E-1D5599962517}.Debug|Any CPU.Build.0 = Debug|Any CPU
		{59F84E57-8926-4FCC-BC1E-1D5599962517}.Release|Any CPU.ActiveCfg = Release|Any CPU
		{59F84E57-8926-4FCC-BC1E-1D5599962517}.Release|Any CPU.Build.0 = Release|Any CPU
	EndGlobalSection
	GlobalSection(SolutionProperties) = preSolution
		HideSolutionNode = FALSE
	EndGlobalSection
	GlobalSection(ExtensibilityGlobals) = postSolution
		SolutionGuid = {74F5C2B7-F53E-4B86-93B2-4696362D55C5}
	EndGlobalSection
EndGlobal
